// !$*UTF8*$!
{
	archiveVersion = 1;
	classes = {
	};
	objectVersion = 46;
	objects = {

/* Begin PBXBuildFile section */
		29231BC21BD706A100489060 /* String.swift in Sources */ = {isa = PBXBuildFile; fileRef = 29231BC11BD706A100489060 /* String.swift */; settings = {ASSET_TAGS = (); }; };
		298FBE271BD69C45002FA3B6 /* StockTableViewCell.swift in Sources */ = {isa = PBXBuildFile; fileRef = 298FBE261BD69C45002FA3B6 /* StockTableViewCell.swift */; settings = {ASSET_TAGS = (); }; };
		298FBE291BD69CAA002FA3B6 /* SharevilleManager.swift in Sources */ = {isa = PBXBuildFile; fileRef = 298FBE281BD69CAA002FA3B6 /* SharevilleManager.swift */; settings = {ASSET_TAGS = (); }; };
		298FBE2C1BD69D30002FA3B6 /* SharevilleStock.swift in Sources */ = {isa = PBXBuildFile; fileRef = 298FBE2B1BD69D30002FA3B6 /* SharevilleStock.swift */; settings = {ASSET_TAGS = (); }; };
		298FBE341BD6A2AD002FA3B6 /* Info-iOS.plist in Resources */ = {isa = PBXBuildFile; fileRef = 298FBE2F1BD6A2AD002FA3B6 /* Info-iOS.plist */; settings = {ASSET_TAGS = (); }; };
		298FBE351BD6A2AD002FA3B6 /* Info-OSX.plist in Resources */ = {isa = PBXBuildFile; fileRef = 298FBE301BD6A2AD002FA3B6 /* Info-OSX.plist */; settings = {ASSET_TAGS = (); }; };
		298FBE361BD6A2AD002FA3B6 /* Info-watchOS.plist in Resources */ = {isa = PBXBuildFile; fileRef = 298FBE311BD6A2AD002FA3B6 /* Info-watchOS.plist */; settings = {ASSET_TAGS = (); }; };
		298FBE371BD6A2AD002FA3B6 /* SwiftyJSON.swift in Sources */ = {isa = PBXBuildFile; fileRef = 298FBE331BD6A2AD002FA3B6 /* SwiftyJSON.swift */; settings = {ASSET_TAGS = (); }; };
		298FBE3A1BD6C0A3002FA3B6 /* QuotesManager.swift in Sources */ = {isa = PBXBuildFile; fileRef = 298FBE391BD6C0A3002FA3B6 /* QuotesManager.swift */; settings = {ASSET_TAGS = (); }; };
		298FBE3C1BD6C9B7002FA3B6 /* QuotesDict.swift in Sources */ = {isa = PBXBuildFile; fileRef = 298FBE3B1BD6C9B7002FA3B6 /* QuotesDict.swift */; settings = {ASSET_TAGS = (); }; };
		298FBE3E1BD6CC72002FA3B6 /* Price.swift in Sources */ = {isa = PBXBuildFile; fileRef = 298FBE3D1BD6CC72002FA3B6 /* Price.swift */; settings = {ASSET_TAGS = (); }; };
		29AC5E411BD7B92D0004F76D /* LoadingView.swift in Sources */ = {isa = PBXBuildFile; fileRef = 29AC5E401BD7B92D0004F76D /* LoadingView.swift */; settings = {ASSET_TAGS = (); }; };
		29DFFA341BD6977200BED6A6 /* AppDelegate.swift in Sources */ = {isa = PBXBuildFile; fileRef = 29DFFA331BD6977200BED6A6 /* AppDelegate.swift */; };
		29DFFA361BD6977200BED6A6 /* StocksListViewController.swift in Sources */ = {isa = PBXBuildFile; fileRef = 29DFFA351BD6977200BED6A6 /* StocksListViewController.swift */; };
		29DFFA391BD6977200BED6A6 /* Main.storyboard in Resources */ = {isa = PBXBuildFile; fileRef = 29DFFA371BD6977200BED6A6 /* Main.storyboard */; };
		29DFFA3B1BD6977200BED6A6 /* Assets.xcassets in Resources */ = {isa = PBXBuildFile; fileRef = 29DFFA3A1BD6977200BED6A6 /* Assets.xcassets */; };
		29DFFA3E1BD6977200BED6A6 /* LaunchScreen.storyboard in Resources */ = {isa = PBXBuildFile; fileRef = 29DFFA3C1BD6977200BED6A6 /* LaunchScreen.storyboard */; };
/* End PBXBuildFile section */

/* Begin PBXFileReference section */
		29231BC11BD706A100489060 /* String.swift */ = {isa = PBXFileReference; fileEncoding = 4; lastKnownFileType = sourcecode.swift; path = String.swift; sourceTree = "<group>"; };
		298FBE261BD69C45002FA3B6 /* StockTableViewCell.swift */ = {isa = PBXFileReference; fileEncoding = 4; lastKnownFileType = sourcecode.swift; path = StockTableViewCell.swift; sourceTree = "<group>"; };
		298FBE281BD69CAA002FA3B6 /* SharevilleManager.swift */ = {isa = PBXFileReference; fileEncoding = 4; lastKnownFileType = sourcecode.swift; path = SharevilleManager.swift; sourceTree = "<group>"; };
		298FBE2B1BD69D30002FA3B6 /* SharevilleStock.swift */ = {isa = PBXFileReference; fileEncoding = 4; lastKnownFileType = sourcecode.swift; path = SharevilleStock.swift; sourceTree = "<group>"; };
		298FBE2F1BD6A2AD002FA3B6 /* Info-iOS.plist */ = {isa = PBXFileReference; fileEncoding = 4; lastKnownFileType = text.plist.xml; path = "Info-iOS.plist"; sourceTree = "<group>"; };
		298FBE301BD6A2AD002FA3B6 /* Info-OSX.plist */ = {isa = PBXFileReference; fileEncoding = 4; lastKnownFileType = text.plist.xml; path = "Info-OSX.plist"; sourceTree = "<group>"; };
		298FBE311BD6A2AD002FA3B6 /* Info-watchOS.plist */ = {isa = PBXFileReference; fileEncoding = 4; lastKnownFileType = text.plist.xml; path = "Info-watchOS.plist"; sourceTree = "<group>"; };
		298FBE321BD6A2AD002FA3B6 /* SwiftyJSON.h */ = {isa = PBXFileReference; fileEncoding = 4; lastKnownFileType = sourcecode.c.h; path = SwiftyJSON.h; sourceTree = "<group>"; };
		298FBE331BD6A2AD002FA3B6 /* SwiftyJSON.swift */ = {isa = PBXFileReference; fileEncoding = 4; lastKnownFileType = sourcecode.swift; path = SwiftyJSON.swift; sourceTree = "<group>"; };
		298FBE391BD6C0A3002FA3B6 /* QuotesManager.swift */ = {isa = PBXFileReference; fileEncoding = 4; lastKnownFileType = sourcecode.swift; path = QuotesManager.swift; sourceTree = "<group>"; };
		298FBE3B1BD6C9B7002FA3B6 /* QuotesDict.swift */ = {isa = PBXFileReference; fileEncoding = 4; lastKnownFileType = sourcecode.swift; path = QuotesDict.swift; sourceTree = "<group>"; };
		298FBE3D1BD6CC72002FA3B6 /* Price.swift */ = {isa = PBXFileReference; fileEncoding = 4; lastKnownFileType = sourcecode.swift; path = Price.swift; sourceTree = "<group>"; };
		29AC5E401BD7B92D0004F76D /* LoadingView.swift */ = {isa = PBXFileReference; fileEncoding = 4; lastKnownFileType = sourcecode.swift; path = LoadingView.swift; sourceTree = "<group>"; };
		29DFFA301BD6977200BED6A6 /* iOS Quiz.app */ = {isa = PBXFileReference; explicitFileType = wrapper.application; includeInIndex = 0; path = "iOS Quiz.app"; sourceTree = BUILT_PRODUCTS_DIR; };
		29DFFA331BD6977200BED6A6 /* AppDelegate.swift */ = {isa = PBXFileReference; lastKnownFileType = sourcecode.swift; path = AppDelegate.swift; sourceTree = "<group>"; };
		29DFFA351BD6977200BED6A6 /* StocksListViewController.swift */ = {isa = PBXFileReference; lastKnownFileType = sourcecode.swift; path = StocksListViewController.swift; sourceTree = "<group>"; };
		29DFFA381BD6977200BED6A6 /* Base */ = {isa = PBXFileReference; lastKnownFileType = file.storyboard; name = Base; path = Base.lproj/Main.storyboard; sourceTree = "<group>"; };
		29DFFA3A1BD6977200BED6A6 /* Assets.xcassets */ = {isa = PBXFileReference; lastKnownFileType = folder.assetcatalog; path = Assets.xcassets; sourceTree = "<group>"; };
		29DFFA3D1BD6977200BED6A6 /* Base */ = {isa = PBXFileReference; lastKnownFileType = file.storyboard; name = Base; path = Base.lproj/LaunchScreen.storyboard; sourceTree = "<group>"; };
		29DFFA3F1BD6977200BED6A6 /* Info.plist */ = {isa = PBXFileReference; lastKnownFileType = text.plist.xml; path = Info.plist; sourceTree = "<group>"; };
/* End PBXFileReference section */

/* Begin PBXFrameworksBuildPhase section */
		29DFFA2D1BD6977200BED6A6 /* Frameworks */ = {
			isa = PBXFrameworksBuildPhase;
			buildActionMask = 2147483647;
			files = (
			);
			runOnlyForDeploymentPostprocessing = 0;
		};
/* End PBXFrameworksBuildPhase section */

/* Begin PBXGroup section */
		29231BC01BD7069400489060 /* Extensions */ = {
			isa = PBXGroup;
			children = (
				29231BC11BD706A100489060 /* String.swift */,
			);
			name = Extensions;
			sourceTree = "<group>";
		};
		298FBE2A1BD69CBA002FA3B6 /* Shareville */ = {
			isa = PBXGroup;
			children = (
				298FBE281BD69CAA002FA3B6 /* SharevilleManager.swift */,
				298FBE2B1BD69D30002FA3B6 /* SharevilleStock.swift */,
			);
			name = Shareville;
			sourceTree = "<group>";
		};
		298FBE2D1BD6A298002FA3B6 /* Frameworks */ = {
			isa = PBXGroup;
			children = (
				298FBE2E1BD6A29E002FA3B6 /* SwiftyJSON */,
			);
			name = Frameworks;
			sourceTree = "<group>";
		};
		298FBE2E1BD6A29E002FA3B6 /* SwiftyJSON */ = {
			isa = PBXGroup;
			children = (
				298FBE2F1BD6A2AD002FA3B6 /* Info-iOS.plist */,
				298FBE301BD6A2AD002FA3B6 /* Info-OSX.plist */,
				298FBE311BD6A2AD002FA3B6 /* Info-watchOS.plist */,
				298FBE321BD6A2AD002FA3B6 /* SwiftyJSON.h */,
				298FBE331BD6A2AD002FA3B6 /* SwiftyJSON.swift */,
			);
			name = SwiftyJSON;
			sourceTree = "<group>";
		};
		298FBE381BD6C08B002FA3B6 /* Quotes */ = {
			isa = PBXGroup;
			children = (
				298FBE391BD6C0A3002FA3B6 /* QuotesManager.swift */,
				298FBE3B1BD6C9B7002FA3B6 /* QuotesDict.swift */,
				298FBE3D1BD6CC72002FA3B6 /* Price.swift */,
			);
			name = Quotes;
			sourceTree = "<group>";
		};
		29AC5E3F1BD7B8F10004F76D /* UI Elements */ = {
			isa = PBXGroup;
			children = (
				29AC5E401BD7B92D0004F76D /* LoadingView.swift */,
			);
			name = "UI Elements";
			sourceTree = "<group>";
		};
		29DFFA271BD6977200BED6A6 = {
			isa = PBXGroup;
			children = (
				29DFFA321BD6977200BED6A6 /* iOS Quiz */,
				29DFFA311BD6977200BED6A6 /* Products */,
			);
			sourceTree = "<group>";
		};
		29DFFA311BD6977200BED6A6 /* Products */ = {
			isa = PBXGroup;
			children = (
				29DFFA301BD6977200BED6A6 /* iOS Quiz.app */,
			);
			name = Products;
			sourceTree = "<group>";
		};
		29DFFA321BD6977200BED6A6 /* iOS Quiz */ = {
			isa = PBXGroup;
			children = (
				29AC5E3F1BD7B8F10004F76D /* UI Elements */,
				29231BC01BD7069400489060 /* Extensions */,
				29DFFA351BD6977200BED6A6 /* StocksListViewController.swift */,
				298FBE261BD69C45002FA3B6 /* StockTableViewCell.swift */,
				298FBE381BD6C08B002FA3B6 /* Quotes */,
				298FBE2A1BD69CBA002FA3B6 /* Shareville */,
				29DFFA371BD6977200BED6A6 /* Main.storyboard */,
				29DFFA451BD6983600BED6A6 /* Supporting Files */,
			);
			path = "iOS Quiz";
			sourceTree = "<group>";
		};
		29DFFA451BD6983600BED6A6 /* Supporting Files */ = {
			isa = PBXGroup;
			children = (
				298FBE2D1BD6A298002FA3B6 /* Frameworks */,
				29DFFA3F1BD6977200BED6A6 /* Info.plist */,
				29DFFA3C1BD6977200BED6A6 /* LaunchScreen.storyboard */,
				29DFFA3A1BD6977200BED6A6 /* Assets.xcassets */,
				29DFFA331BD6977200BED6A6 /* AppDelegate.swift */,
			);
			name = "Supporting Files";
			sourceTree = "<group>";
		};
/* End PBXGroup section */

/* Begin PBXNativeTarget section */
		29DFFA2F1BD6977200BED6A6 /* iOS Quiz */ = {
			isa = PBXNativeTarget;
			buildConfigurationList = 29DFFA421BD6977200BED6A6 /* Build configuration list for PBXNativeTarget "iOS Quiz" */;
			buildPhases = (
				29DFFA2C1BD6977200BED6A6 /* Sources */,
				29DFFA2D1BD6977200BED6A6 /* Frameworks */,
				29DFFA2E1BD6977200BED6A6 /* Resources */,
			);
			buildRules = (
			);
			dependencies = (
			);
			name = "iOS Quiz";
			productName = "iOS Quiz";
			productReference = 29DFFA301BD6977200BED6A6 /* iOS Quiz.app */;
			productType = "com.apple.product-type.application";
		};
/* End PBXNativeTarget section */

/* Begin PBXProject section */
		29DFFA281BD6977200BED6A6 /* Project object */ = {
			isa = PBXProject;
			attributes = {
				LastUpgradeCheck = 0700;
				ORGANIZATIONNAME = Dunso;
				TargetAttributes = {
					29DFFA2F1BD6977200BED6A6 = {
						CreatedOnToolsVersion = 7.0.1;
					};
				};
			};
			buildConfigurationList = 29DFFA2B1BD6977200BED6A6 /* Build configuration list for PBXProject "iOS Quiz" */;
			compatibilityVersion = "Xcode 3.2";
			developmentRegion = English;
			hasScannedForEncodings = 0;
			knownRegions = (
				en,
				Base,
			);
			mainGroup = 29DFFA271BD6977200BED6A6;
			productRefGroup = 29DFFA311BD6977200BED6A6 /* Products */;
			projectDirPath = "";
			projectRoot = "";
			targets = (
				29DFFA2F1BD6977200BED6A6 /* iOS Quiz */,
			);
		};
/* End PBXProject section */

/* Begin PBXResourcesBuildPhase section */
		29DFFA2E1BD6977200BED6A6 /* Resources */ = {
			isa = PBXResourcesBuildPhase;
			buildActionMask = 2147483647;
			files = (
				298FBE361BD6A2AD002FA3B6 /* Info-watchOS.plist in Resources */,
				298FBE341BD6A2AD002FA3B6 /* Info-iOS.plist in Resources */,
				29DFFA3E1BD6977200BED6A6 /* LaunchScreen.storyboard in Resources */,
				29DFFA3B1BD6977200BED6A6 /* Assets.xcassets in Resources */,
				29DFFA391BD6977200BED6A6 /* Main.storyboard in Resources */,
				298FBE351BD6A2AD002FA3B6 /* Info-OSX.plist in Resources */,
			);
			runOnlyForDeploymentPostprocessing = 0;
		};
/* End PBXResourcesBuildPhase section */

/* Begin PBXSourcesBuildPhase section */
		29DFFA2C1BD6977200BED6A6 /* Sources */ = {
			isa = PBXSourcesBuildPhase;
			buildActionMask = 2147483647;
			files = (
				29DFFA361BD6977200BED6A6 /* StocksListViewController.swift in Sources */,
				298FBE2C1BD69D30002FA3B6 /* SharevilleStock.swift in Sources */,
				29231BC21BD706A100489060 /* String.swift in Sources */,
				29AC5E411BD7B92D0004F76D /* LoadingView.swift in Sources */,
				298FBE271BD69C45002FA3B6 /* StockTableViewCell.swift in Sources */,
				298FBE371BD6A2AD002FA3B6 /* SwiftyJSON.swift in Sources */,
				298FBE3C1BD6C9B7002FA3B6 /* QuotesDict.swift in Sources */,
				298FBE3E1BD6CC72002FA3B6 /* Price.swift in Sources */,
				298FBE291BD69CAA002FA3B6 /* SharevilleManager.swift in Sources */,
				298FBE3A1BD6C0A3002FA3B6 /* QuotesManager.swift in Sources */,
				29DFFA341BD6977200BED6A6 /* AppDelegate.swift in Sources */,
			);
			runOnlyForDeploymentPostprocessing = 0;
		};
/* End PBXSourcesBuildPhase section */

/* Begin PBXVariantGroup section */
		29DFFA371BD6977200BED6A6 /* Main.storyboard */ = {
			isa = PBXVariantGroup;
			children = (
				29DFFA381BD6977200BED6A6 /* Base */,
			);
			name = Main.storyboard;
			sourceTree = "<group>";
		};
		29DFFA3C1BD6977200BED6A6 /* LaunchScreen.storyboard */ = {
			isa = PBXVariantGroup;
			children = (
				29DFFA3D1BD6977200BED6A6 /* Base */,
			);
			name = LaunchScreen.storyboard;
			sourceTree = "<group>";
		};
/* End PBXVariantGroup section */

/* Begin XCBuildConfiguration section */
		29DFFA401BD6977200BED6A6 /* Debug */ = {
			isa = XCBuildConfiguration;
			buildSettings = {
				ALWAYS_SEARCH_USER_PATHS = NO;
				CLANG_CXX_LANGUAGE_STANDARD = "gnu++0x";
				CLANG_CXX_LIBRARY = "libc++";
				CLANG_ENABLE_MODULES = YES;
				CLANG_ENABLE_OBJC_ARC = YES;
				CLANG_WARN_BOOL_CONVERSION = YES;
				CLANG_WARN_CONSTANT_CONVERSION = YES;
				CLANG_WARN_DIRECT_OBJC_ISA_USAGE = YES_ERROR;
				CLANG_WARN_EMPTY_BODY = YES;
				CLANG_WARN_ENUM_CONVERSION = YES;
				CLANG_WARN_INT_CONVERSION = YES;
				CLANG_WARN_OBJC_ROOT_CLASS = YES_ERROR;
				CLANG_WARN_UNREACHABLE_CODE = YES;
				CLANG_WARN__DUPLICATE_METHOD_MATCH = YES;
				"CODE_SIGN_IDENTITY[sdk=iphoneos*]" = "iPhone Developer";
				COPY_PHASE_STRIP = NO;
				DEBUG_INFORMATION_FORMAT = dwarf;
				ENABLE_STRICT_OBJC_MSGSEND = YES;
				ENABLE_TESTABILITY = YES;
				GCC_C_LANGUAGE_STANDARD = gnu99;
				GCC_DYNAMIC_NO_PIC = NO;
				GCC_NO_COMMON_BLOCKS = YES;
				GCC_OPTIMIZATION_LEVEL = 0;
				GCC_PREPROCESSOR_DEFINITIONS = (
					"DEBUG=1",
					"$(inherited)",
				);
				GCC_WARN_64_TO_32_BIT_CONVERSION = YES;
				GCC_WARN_ABOUT_RETURN_TYPE = YES_ERROR;
				GCC_WARN_UNDECLARED_SELECTOR = YES;
				GCC_WARN_UNINITIALIZED_AUTOS = YES_AGGRESSIVE;
				GCC_WARN_UNUSED_FUNCTION = YES;
				GCC_WARN_UNUSED_VARIABLE = YES;
				IPHONEOS_DEPLOYMENT_TARGET = 9.0;
				MTL_ENABLE_DEBUG_INFO = YES;
				ONLY_ACTIVE_ARCH = YES;
				SDKROOT = iphoneos;
				SWIFT_OPTIMIZATION_LEVEL = "-Onone";
				TARGETED_DEVICE_FAMILY = "1,2";
			};
			name = Debug;
		};
		29DFFA411BD6977200BED6A6 /* Release */ = {
			isa = XCBuildConfiguration;
			buildSettings = {
				ALWAYS_SEARCH_USER_PATHS = NO;
				CLANG_CXX_LANGUAGE_STANDARD = "gnu++0x";
				CLANG_CXX_LIBRARY = "libc++";
				CLANG_ENABLE_MODULES = YES;
				CLANG_ENABLE_OBJC_ARC = YES;
				CLANG_WARN_BOOL_CONVERSION = YES;
				CLANG_WARN_CONSTANT_CONVERSION = YES;
				CLANG_WARN_DIRECT_OBJC_ISA_USAGE = YES_ERROR;
				CLANG_WARN_EMPTY_BODY = YES;
				CLANG_WARN_ENUM_CONVERSION = YES;
				CLANG_WARN_INT_CONVERSION = YES;
				CLANG_WARN_OBJC_ROOT_CLASS = YES_ERROR;
				CLANG_WARN_UNREACHABLE_CODE = YES;
				CLANG_WARN__DUPLICATE_METHOD_MATCH = YES;
				"CODE_SIGN_IDENTITY[sdk=iphoneos*]" = "iPhone Developer";
				COPY_PHASE_STRIP = NO;
				DEBUG_INFORMATION_FORMAT = "dwarf-with-dsym";
				ENABLE_NS_ASSERTIONS = NO;
				ENABLE_STRICT_OBJC_MSGSEND = YES;
				GCC_C_LANGUAGE_STANDARD = gnu99;
				GCC_NO_COMMON_BLOCKS = YES;
				GCC_WARN_64_TO_32_BIT_CONVERSION = YES;
				GCC_WARN_ABOUT_RETURN_TYPE = YES_ERROR;
				GCC_WARN_UNDECLARED_SELECTOR = YES;
				GCC_WARN_UNINITIALIZED_AUTOS = YES_AGGRESSIVE;
				GCC_WARN_UNUSED_FUNCTION = YES;
				GCC_WARN_UNUSED_VARIABLE = YES;
				IPHONEOS_DEPLOYMENT_TARGET = 9.0;
				MTL_ENABLE_DEBUG_INFO = NO;
				SDKROOT = iphoneos;
				TARGETED_DEVICE_FAMILY = "1,2";
				VALIDATE_PRODUCT = YES;
			};
			name = Release;
		};
		29DFFA431BD6977200BED6A6 /* Debug */ = {
			isa = XCBuildConfiguration;
			buildSettings = {
				ASSETCATALOG_COMPILER_APPICON_NAME = AppIcon;
				INFOPLIST_FILE = "iOS Quiz/Info.plist";
				LD_RUNPATH_SEARCH_PATHS = "$(inherited) @executable_path/Frameworks";
				PRODUCT_BUNDLE_IDENTIFIER = "se.dunso.iOS-Quiz";
				PRODUCT_NAME = "$(TARGET_NAME)";
			};
			name = Debug;
		};
		29DFFA441BD6977200BED6A6 /* Release */ = {
			isa = XCBuildConfiguration;
			buildSettings = {
				ASSETCATALOG_COMPILER_APPICON_NAME = AppIcon;
				INFOPLIST_FILE = "iOS Quiz/Info.plist";
				LD_RUNPATH_SEARCH_PATHS = "$(inherited) @executable_path/Frameworks";
				PRODUCT_BUNDLE_IDENTIFIER = "se.dunso.iOS-Quiz";
				PRODUCT_NAME = "$(TARGET_NAME)";
			};
			name = Release;
		};
/* End XCBuildConfiguration section */

/* Begin XCConfigurationList section */
		29DFFA2B1BD6977200BED6A6 /* Build configuration list for PBXProject "iOS Quiz" */ = {
			isa = XCConfigurationList;
			buildConfigurations = (
				29DFFA401BD6977200BED6A6 /* Debug */,
				29DFFA411BD6977200BED6A6 /* Release */,
			);
			defaultConfigurationIsVisible = 0;
			defaultConfigurationName = Release;
		};
		29DFFA421BD6977200BED6A6 /* Build configuration list for PBXNativeTarget "iOS Quiz" */ = {
			isa = XCConfigurationList;
			buildConfigurations = (
				29DFFA431BD6977200BED6A6 /* Debug */,
				29DFFA441BD6977200BED6A6 /* Release */,
			);
			defaultConfigurationIsVisible = 0;
			defaultConfigurationName = Release;
		};
/* End XCConfigurationList section */
	};
	rootObject = 29DFFA281BD6977200BED6A6 /* Project object */;
}
